# THIS IS AN AUTOGENERATED FILE. DO NOT EDIT THIS FILE DIRECTLY.
# yarn lockfile v1


typescript@^3.4.0-dev.20190129:
  version "3.4.0-dev.20190129"
  resolved "https://registry.yarnpkg.com/typescript/-/typescript-3.4.0-dev.20190129.tgz#6e830c290e3edfb0efd285f4390915ee17037b0b"
  integrity sha512-g+SKJolDQQevfYOlDBCe+tjpN62m+9wos3+ZBdSMSbGoOTWeLevU/ZTIBzcLm/MMjOxYoXDzzYh/2mXxtnC/eA==
